%{"decimal": {:hex, :decimal, "1.3.1", "157b3cedb2bfcb5359372a7766dd7a41091ad34578296e951f58a946fcab49c6", [:mix], []},
  "ecto": {:git, "git://github.com/elixir-lang/ecto.git", "47394c0343dd842628f7dc118380ea19736d898c", []},
  "ecto_oracle_adapter": {:git, "https://github.com/api-hogs/ecto-oracle.git", "be2097d6383e850276b07bd66a3cd16bd402d2a6", []},
  "erloci": {:git, "git://github.com/K2InformaticsGmbH/erloci.git", "2f25063d578021e7e90bb6bfbc6ecba84380e9b3", []},
  "poolboy": {:hex, :poolboy, "1.5.1", "6b46163901cfd0a1b43d692657ed9d7e599853b3b21b95ae5ae0a777cf9b6ca8", [:rebar], []}}
